
Microsoft Visual Studio Solution File, Format Version 12.00
# Visual Studio 15
VisualStudioVersion = 15.0.27428.2027
MinimumVisualStudioVersion = 10.0.40219.1
Project("{FAE04EC0-301F-11D3-BF4B-00C04F79EFBC}") = "GitLogger.Android", "GitLogger\GitLogger.Android\GitLogger.Android.csproj", "{74C7AE2B-21BC-439B-92A4-B7CA573098EA}"
EndProject
Project("{FAE04EC0-301F-11D3-BF4B-00C04F79EFBC}") = "GitLogger.iOS", "GitLogger\GitLogger.iOS\GitLogger.iOS.csproj", "{E9A8BA1D-52F5-4AFD-927D-B1C9654CD713}"
EndProject
Project("{FAE04EC0-301F-11D3-BF4B-00C04F79EFBC}") = "GitLogger.UWP", "GitLogger\GitLogger.UWP\GitLogger.UWP.csproj", "{F824C5E7-9AC0-4CFE-8CB1-6D457988B6F8}"
EndProject
Project("{D954291E-2A0B-460D-934E-DC6B0785DB48}") = "GitLogger", "GitLogger\GitLogger\GitLogger.shproj", "{328DB71D-7BB0-4020-B7AD-66F5254D2CB7}"
EndProject
Global
	GlobalSection(SharedMSBuildProjectFiles) = preSolution
		GitLogger\GitLogger\GitLogger.projitems*{328db71d-7bb0-4020-b7ad-66f5254d2cb7}*SharedItemsImports = 13
		GitLogger\GitLogger\GitLogger.projitems*{74c7ae2b-21bc-439b-92a4-b7ca573098ea}*SharedItemsImports = 4
		GitLogger\GitLogger\GitLogger.projitems*{e9a8ba1d-52f5-4afd-927d-b1c9654cd713}*SharedItemsImports = 4
		GitLogger\GitLogger\GitLogger.projitems*{f824c5e7-9ac0-4cfe-8cb1-6d457988b6f8}*SharedItemsImports = 4
	EndGlobalSection
	GlobalSection(SolutionConfigurationPlatforms) = preSolution
		Ad-Hoc|Any CPU = Ad-Hoc|Any CPU
		Ad-Hoc|ARM = Ad-Hoc|ARM
		Ad-Hoc|iPhone = Ad-Hoc|iPhone
		Ad-Hoc|iPhoneSimulator = Ad-Hoc|iPhoneSimulator
		Ad-Hoc|x64 = Ad-Hoc|x64
		Ad-Hoc|x86 = Ad-Hoc|x86
		AppStore|Any CPU = AppStore|Any CPU
		AppStore|ARM = AppStore|ARM
		AppStore|iPhone = AppStore|iPhone
		AppStore|iPhoneSimulator = AppStore|iPhoneSimulator
		AppStore|x64 = AppStore|x64
		AppStore|x86 = AppStore|x86
		Debug|Any CPU = Debug|Any CPU
		Debug|ARM = Debug|ARM
		Debug|iPhone = Debug|iPhone
		Debug|iPhoneSimulator = Debug|iPhoneSimulator
		Debug|x64 = Debug|x64
		Debug|x86 = Debug|x86
		Release|Any CPU = Release|Any CPU
		Release|ARM = Release|ARM
		Release|iPhone = Release|iPhone
		Release|iPhoneSimulator = Release|iPhoneSimulator
		Release|x64 = Release|x64
		Release|x86 = Release|x86
	EndGlobalSection
	GlobalSection(ProjectConfigurationPlatforms) = postSolution
		{74C7AE2B-21BC-439B-92A4-B7CA573098EA}.Ad-Hoc|Any CPU.ActiveCfg = Release|Any CPU
		{74C7AE2B-21BC-439B-92A4-B7CA573098EA}.Ad-Hoc|Any CPU.Build.0 = Release|Any CPU
		{74C7AE2B-21BC-439B-92A4-B7CA573098EA}.Ad-Hoc|Any CPU.Deploy.0 = Release|Any CPU
		{74C7AE2B-21BC-439B-92A4-B7CA573098EA}.Ad-Hoc|ARM.ActiveCfg = Release|Any CPU
		{74C7AE2B-21BC-439B-92A4-B7CA573098EA}.Ad-Hoc|ARM.Build.0 = Release|Any CPU
		{74C7AE2B-21BC-439B-92A4-B7CA573098EA}.Ad-Hoc|ARM.Deploy.0 = Release|Any CPU
		{74C7AE2B-21BC-439B-92A4-B7CA573098EA}.Ad-Hoc|iPhone.ActiveCfg = Release|Any CPU
		{74C7AE2B-21BC-439B-92A4-B7CA573098EA}.Ad-Hoc|iPhone.Build.0 = Release|Any CPU
		{74C7AE2B-21BC-439B-92A4-B7CA573098EA}.Ad-Hoc|iPhone.Deploy.0 = Release|Any CPU
		{74C7AE2B-21BC-439B-92A4-B7CA573098EA}.Ad-Hoc|iPhoneSimulator.ActiveCfg = Release|Any CPU
		{74C7AE2B-21BC-439B-92A4-B7CA573098EA}.Ad-Hoc|iPhoneSimulator.Build.0 = Release|Any CPU
		{74C7AE2B-21BC-439B-92A4-B7CA573098EA}.Ad-Hoc|iPhoneSimulator.Deploy.0 = Release|Any CPU
		{74C7AE2B-21BC-439B-92A4-B7CA573098EA}.Ad-Hoc|x64.ActiveCfg = Release|Any CPU
		{74C7AE2B-21BC-439B-92A4-B7CA573098EA}.Ad-Hoc|x64.Build.0 = Release|Any CPU
		{74C7AE2B-21BC-439B-92A4-B7CA573098EA}.Ad-Hoc|x64.Deploy.0 = Release|Any CPU
		{74C7AE2B-21BC-439B-92A4-B7CA573098EA}.Ad-Hoc|x86.ActiveCfg = Release|Any CPU
		{74C7AE2B-21BC-439B-92A4-B7CA573098EA}.Ad-Hoc|x86.Build.0 = Release|Any CPU
		{74C7AE2B-21BC-439B-92A4-B7CA573098EA}.Ad-Hoc|x86.Deploy.0 = Release|Any CPU
		{74C7AE2B-21BC-439B-92A4-B7CA573098EA}.AppStore|Any CPU.ActiveCfg = Release|Any CPU
		{74C7AE2B-21BC-439B-92A4-B7CA573098EA}.AppStore|Any CPU.Build.0 = Release|Any CPU
		{74C7AE2B-21BC-439B-92A4-B7CA573098EA}.AppStore|Any CPU.Deploy.0 = Release|Any CPU
		{74C7AE2B-21BC-439B-92A4-B7CA573098EA}.AppStore|ARM.ActiveCfg = Release|Any CPU
		{74C7AE2B-21BC-439B-92A4-B7CA573098EA}.AppStore|ARM.Build.0 = Release|Any CPU
		{74C7AE2B-21BC-439B-92A4-B7CA573098EA}.AppStore|ARM.Deploy.0 = Release|Any CPU
		{74C7AE2B-21BC-439B-92A4-B7CA573098EA}.AppStore|iPhone.ActiveCfg = Release|Any CPU
		{74C7AE2B-21BC-439B-92A4-B7CA573098EA}.AppStore|iPhone.Build.0 = Release|Any CPU
		{74C7AE2B-21BC-439B-92A4-B7CA573098EA}.AppStore|iPhone.Deploy.0 = Release|Any CPU
		{74C7AE2B-21BC-439B-92A4-B7CA573098EA}.AppStore|iPhoneSimulator.ActiveCfg = Release|Any CPU
		{74C7AE2B-21BC-439B-92A4-B7CA573098EA}.AppStore|iPhoneSimulator.Build.0 = Release|Any CPU
		{74C7AE2B-21BC-439B-92A4-B7CA573098EA}.AppStore|iPhoneSimulator.Deploy.0 = Release|Any CPU
		{74C7AE2B-21BC-439B-92A4-B7CA573098EA}.AppStore|x64.ActiveCfg = Release|Any CPU
		{74C7AE2B-21BC-439B-92A4-B7CA573098EA}.AppStore|x64.Build.0 = Release|Any CPU
		{74C7AE2B-21BC-439B-92A4-B7CA573098EA}.AppStore|x64.Deploy.0 = Release|Any CPU
		{74C7AE2B-21BC-439B-92A4-B7CA573098EA}.AppStore|x86.ActiveCfg = Release|Any CPU
		{74C7AE2B-21BC-439B-92A4-B7CA573098EA}.AppStore|x86.Build.0 = Release|Any CPU
		{74C7AE2B-21BC-439B-92A4-B7CA573098EA}.AppStore|x86.Deploy.0 = Release|Any CPU
		{74C7AE2B-21BC-439B-92A4-B7CA573098EA}.Debug|Any CPU.ActiveCfg = Debug|Any CPU
		{74C7AE2B-21BC-439B-92A4-B7CA573098EA}.Debug|Any CPU.Build.0 = Debug|Any CPU
		{74C7AE2B-21BC-439B-92A4-B7CA573098EA}.Debug|Any CPU.Deploy.0 = Debug|Any CPU
		{74C7AE2B-21BC-439B-92A4-B7CA573098EA}.Debug|ARM.ActiveCfg = Debug|Any CPU
		{74C7AE2B-21BC-439B-92A4-B7CA573098EA}.Debug|ARM.Build.0 = Debug|Any CPU
		{74C7AE2B-21BC-439B-92A4-B7CA573098EA}.Debug|ARM.Deploy.0 = Debug|Any CPU
		{74C7AE2B-21BC-439B-92A4-B7CA573098EA}.Debug|iPhone.ActiveCfg = Debug|Any CPU
		{74C7AE2B-21BC-439B-92A4-B7CA573098EA}.Debug|iPhone.Build.0 = Debug|Any CPU
		{74C7AE2B-21BC-439B-92A4-B7CA573098EA}.Debug|iPhone.Deploy.0 = Debug|Any CPU
		{74C7AE2B-21BC-439B-92A4-B7CA573098EA}.Debug|iPhoneSimulator.ActiveCfg = Debug|Any CPU
		{74C7AE2B-21BC-439B-92A4-B7CA573098EA}.Debug|iPhoneSimulator.Build.0 = Debug|Any CPU
		{74C7AE2B-21BC-439B-92A4-B7CA573098EA}.Debug|iPhoneSimulator.Deploy.0 = Debug|Any CPU
		{74C7AE2B-21BC-439B-92A4-B7CA573098EA}.Debug|x64.ActiveCfg = Debug|Any CPU
		{74C7AE2B-21BC-439B-92A4-B7CA573098EA}.Debug|x64.Build.0 = Debug|Any CPU
		{74C7AE2B-21BC-439B-92A4-B7CA573098EA}.Debug|x64.Deploy.0 = Debug|Any CPU
		{74C7AE2B-21BC-439B-92A4-B7CA573098EA}.Debug|x86.ActiveCfg = Debug|Any CPU
		{74C7AE2B-21BC-439B-92A4-B7CA573098EA}.Debug|x86.Build.0 = Debug|Any CPU
		{74C7AE2B-21BC-439B-92A4-B7CA573098EA}.Debug|x86.Deploy.0 = Debug|Any CPU
		{74C7AE2B-21BC-439B-92A4-B7CA573098EA}.Release|Any CPU.ActiveCfg = Release|Any CPU
		{74C7AE2B-21BC-439B-92A4-B7CA573098EA}.Release|Any CPU.Build.0 = Release|Any CPU
		{74C7AE2B-21BC-439B-92A4-B7CA573098EA}.Release|Any CPU.Deploy.0 = Release|Any CPU
		{74C7AE2B-21BC-439B-92A4-B7CA573098EA}.Release|ARM.ActiveCfg = Release|Any CPU
		{74C7AE2B-21BC-439B-92A4-B7CA573098EA}.Release|ARM.Build.0 = Release|Any CPU
		{74C7AE2B-21BC-439B-92A4-B7CA573098EA}.Release|ARM.Deploy.0 = Release|Any CPU
		{74C7AE2B-21BC-439B-92A4-B7CA573098EA}.Release|iPhone.ActiveCfg = Release|Any CPU
		{74C7AE2B-21BC-439B-92A4-B7CA573098EA}.Release|iPhone.Build.0 = Release|Any CPU
		{74C7AE2B-21BC-439B-92A4-B7CA573098EA}.Release|iPhone.Deploy.0 = Release|Any CPU
		{74C7AE2B-21BC-439B-92A4-B7CA573098EA}.Release|iPhoneSimulator.ActiveCfg = Release|Any CPU
		{74C7AE2B-21BC-439B-92A4-B7CA573098EA}.Release|iPhoneSimulator.Build.0 = Release|Any CPU
		{74C7AE2B-21BC-439B-92A4-B7CA573098EA}.Release|iPhoneSimulator.Deploy.0 = Release|Any CPU
		{74C7AE2B-21BC-439B-92A4-B7CA573098EA}.Release|x64.ActiveCfg = Release|Any CPU
		{74C7AE2B-21BC-439B-92A4-B7CA573098EA}.Release|x64.Build.0 = Release|Any CPU
		{74C7AE2B-21BC-439B-92A4-B7CA573098EA}.Release|x64.Deploy.0 = Release|Any CPU
		{74C7AE2B-21BC-439B-92A4-B7CA573098EA}.Release|x86.ActiveCfg = Release|Any CPU
		{74C7AE2B-21BC-439B-92A4-B7CA573098EA}.Release|x86.Build.0 = Release|Any CPU
		{74C7AE2B-21BC-439B-92A4-B7CA573098EA}.Release|x86.Deploy.0 = Release|Any CPU
		{E9A8BA1D-52F5-4AFD-927D-B1C9654CD713}.Ad-Hoc|Any CPU.ActiveCfg = Ad-Hoc|iPhone
		{E9A8BA1D-52F5-4AFD-927D-B1C9654CD713}.Ad-Hoc|ARM.ActiveCfg = Ad-Hoc|iPhone
		{E9A8BA1D-52F5-4AFD-927D-B1C9654CD713}.Ad-Hoc|iPhone.ActiveCfg = Ad-Hoc|iPhone
		{E9A8BA1D-52F5-4AFD-927D-B1C9654CD713}.Ad-Hoc|iPhone.Build.0 = Ad-Hoc|iPhone
		{E9A8BA1D-52F5-4AFD-927D-B1C9654CD713}.Ad-Hoc|iPhoneSimulator.ActiveCfg = Ad-Hoc|iPhoneSimulator
		{E9A8BA1D-52F5-4AFD-927D-B1C9654CD713}.Ad-Hoc|iPhoneSimulator.Build.0 = Ad-Hoc|iPhoneSimulator
		{E9A8BA1D-52F5-4AFD-927D-B1C9654CD713}.Ad-Hoc|x64.ActiveCfg = Ad-Hoc|iPhone
		{E9A8BA1D-52F5-4AFD-927D-B1C9654CD713}.Ad-Hoc|x86.ActiveCfg = Ad-Hoc|iPhone
		{E9A8BA1D-52F5-4AFD-927D-B1C9654CD713}.AppStore|Any CPU.ActiveCfg = AppStore|iPhone
		{E9A8BA1D-52F5-4AFD-927D-B1C9654CD713}.AppStore|ARM.ActiveCfg = AppStore|iPhone
		{E9A8BA1D-52F5-4AFD-927D-B1C9654CD713}.AppStore|iPhone.ActiveCfg = AppStore|iPhone
		{E9A8BA1D-52F5-4AFD-927D-B1C9654CD713}.AppStore|iPhone.Build.0 = AppStore|iPhone
		{E9A8BA1D-52F5-4AFD-927D-B1C9654CD713}.AppStore|iPhoneSimulator.ActiveCfg = AppStore|iPhoneSimulator
		{E9A8BA1D-52F5-4AFD-927D-B1C9654CD713}.AppStore|iPhoneSimulator.Build.0 = AppStore|iPhoneSimulator
		{E9A8BA1D-52F5-4AFD-927D-B1C9654CD713}.AppStore|x64.ActiveCfg = AppStore|iPhone
		{E9A8BA1D-52F5-4AFD-927D-B1C9654CD713}.AppStore|x86.ActiveCfg = AppStore|iPhone
		{E9A8BA1D-52F5-4AFD-927D-B1C9654CD713}.Debug|Any CPU.ActiveCfg = Debug|iPhone
		{E9A8BA1D-52F5-4AFD-927D-B1C9654CD713}.Debug|ARM.ActiveCfg = Debug|iPhone
		{E9A8BA1D-52F5-4AFD-927D-B1C9654CD713}.Debug|iPhone.ActiveCfg = Debug|iPhone
		{E9A8BA1D-52F5-4AFD-927D-B1C9654CD713}.Debug|iPhone.Build.0 = Debug|iPhone
		{E9A8BA1D-52F5-4AFD-927D-B1C9654CD713}.Debug|iPhoneSimulator.ActiveCfg = Debug|iPhoneSimulator
		{E9A8BA1D-52F5-4AFD-927D-B1C9654CD713}.Debug|iPhoneSimulator.Build.0 = Debug|iPhoneSimulator
		{E9A8BA1D-52F5-4AFD-927D-B1C9654CD713}.Debug|x64.ActiveCfg = Debug|iPhone
		{E9A8BA1D-52F5-4AFD-927D-B1C9654CD713}.Debug|x86.ActiveCfg = Debug|iPhone
		{E9A8BA1D-52F5-4AFD-927D-B1C9654CD713}.Release|Any CPU.ActiveCfg = Release|iPhone
		{E9A8BA1D-52F5-4AFD-927D-B1C9654CD713}.Release|ARM.ActiveCfg = Release|iPhone
		{E9A8BA1D-52F5-4AFD-927D-B1C9654CD713}.Release|iPhone.ActiveCfg = Release|iPhone
		{E9A8BA1D-52F5-4AFD-927D-B1C9654CD713}.Release|iPhone.Build.0 = Release|iPhone
		{E9A8BA1D-52F5-4AFD-927D-B1C9654CD713}.Release|iPhoneSimulator.ActiveCfg = Release|iPhoneSimulator
		{E9A8BA1D-52F5-4AFD-927D-B1C9654CD713}.Release|iPhoneSimulator.Build.0 = Release|iPhoneSimulator
		{E9A8BA1D-52F5-4AFD-927D-B1C9654CD713}.Release|x64.ActiveCfg = Release|iPhone
		{E9A8BA1D-52F5-4AFD-927D-B1C9654CD713}.Release|x86.ActiveCfg = Release|iPhone
		{F824C5E7-9AC0-4CFE-8CB1-6D457988B6F8}.Ad-Hoc|Any CPU.ActiveCfg = Release|x86
		{F824C5E7-9AC0-4CFE-8CB1-6D457988B6F8}.Ad-Hoc|Any CPU.Build.0 = Release|x86
		{F824C5E7-9AC0-4CFE-8CB1-6D457988B6F8}.Ad-Hoc|Any CPU.Deploy.0 = Release|x86
		{F824C5E7-9AC0-4CFE-8CB1-6D457988B6F8}.Ad-Hoc|ARM.ActiveCfg = Release|ARM
		{F824C5E7-9AC0-4CFE-8CB1-6D457988B6F8}.Ad-Hoc|ARM.Build.0 = Release|ARM
		{F824C5E7-9AC0-4CFE-8CB1-6D457988B6F8}.Ad-Hoc|ARM.Deploy.0 = Release|ARM
		{F824C5E7-9AC0-4CFE-8CB1-6D457988B6F8}.Ad-Hoc|iPhone.ActiveCfg = Release|x86
		{F824C5E7-9AC0-4CFE-8CB1-6D457988B6F8}.Ad-Hoc|iPhone.Build.0 = Release|x86
		{F824C5E7-9AC0-4CFE-8CB1-6D457988B6F8}.Ad-Hoc|iPhone.Deploy.0 = Release|x86
		{F824C5E7-9AC0-4CFE-8CB1-6D457988B6F8}.Ad-Hoc|iPhoneSimulator.ActiveCfg = Release|x86
		{F824C5E7-9AC0-4CFE-8CB1-6D457988B6F8}.Ad-Hoc|iPhoneSimulator.Build.0 = Release|x86
		{F824C5E7-9AC0-4CFE-8CB1-6D457988B6F8}.Ad-Hoc|iPhoneSimulator.Deploy.0 = Release|x86
		{F824C5E7-9AC0-4CFE-8CB1-6D457988B6F8}.Ad-Hoc|x64.ActiveCfg = Release|x64
		{F824C5E7-9AC0-4CFE-8CB1-6D457988B6F8}.Ad-Hoc|x64.Build.0 = Release|x64
		{F824C5E7-9AC0-4CFE-8CB1-6D457988B6F8}.Ad-Hoc|x64.Deploy.0 = Release|x64
		{F824C5E7-9AC0-4CFE-8CB1-6D457988B6F8}.Ad-Hoc|x86.ActiveCfg = Release|x86
		{F824C5E7-9AC0-4CFE-8CB1-6D457988B6F8}.Ad-Hoc|x86.Build.0 = Release|x86
		{F824C5E7-9AC0-4CFE-8CB1-6D457988B6F8}.Ad-Hoc|x86.Deploy.0 = Release|x86
		{F824C5E7-9AC0-4CFE-8CB1-6D457988B6F8}.AppStore|Any CPU.ActiveCfg = Release|x86
		{F824C5E7-9AC0-4CFE-8CB1-6D457988B6F8}.AppStore|Any CPU.Build.0 = Release|x86
		{F824C5E7-9AC0-4CFE-8CB1-6D457988B6F8}.AppStore|Any CPU.Deploy.0 = Release|x86
		{F824C5E7-9AC0-4CFE-8CB1-6D457988B6F8}.AppStore|ARM.ActiveCfg = Release|ARM
		{F824C5E7-9AC0-4CFE-8CB1-6D457988B6F8}.AppStore|ARM.Build.0 = Release|ARM
		{F824C5E7-9AC0-4CFE-8CB1-6D457988B6F8}.AppStore|ARM.Deploy.0 = Release|ARM
		{F824C5E7-9AC0-4CFE-8CB1-6D457988B6F8}.AppStore|iPhone.ActiveCfg = Release|x86
		{F824C5E7-9AC0-4CFE-8CB1-6D457988B6F8}.AppStore|iPhone.Build.0 = Release|x86
		{F824C5E7-9AC0-4CFE-8CB1-6D457988B6F8}.AppStore|iPhone.Deploy.0 = Release|x86
		{F824C5E7-9AC0-4CFE-8CB1-6D457988B6F8}.AppStore|iPhoneSimulator.ActiveCfg = Release|x86
		{F824C5E7-9AC0-4CFE-8CB1-6D457988B6F8}.AppStore|iPhoneSimulator.Build.0 = Release|x86
		{F824C5E7-9AC0-4CFE-8CB1-6D457988B6F8}.AppStore|iPhoneSimulator.Deploy.0 = Release|x86
		{F824C5E7-9AC0-4CFE-8CB1-6D457988B6F8}.AppStore|x64.ActiveCfg = Release|x64
		{F824C5E7-9AC0-4CFE-8CB1-6D457988B6F8}.AppStore|x64.Build.0 = Release|x64
		{F824C5E7-9AC0-4CFE-8CB1-6D457988B6F8}.AppStore|x64.Deploy.0 = Release|x64
		{F824C5E7-9AC0-4CFE-8CB1-6D457988B6F8}.AppStore|x86.ActiveCfg = Release|x86
		{F824C5E7-9AC0-4CFE-8CB1-6D457988B6F8}.AppStore|x86.Build.0 = Release|x86
		{F824C5E7-9AC0-4CFE-8CB1-6D457988B6F8}.AppStore|x86.Deploy.0 = Release|x86
		{F824C5E7-9AC0-4CFE-8CB1-6D457988B6F8}.Debug|Any CPU.ActiveCfg = Debug|x86
		{F824C5E7-9AC0-4CFE-8CB1-6D457988B6F8}.Debug|ARM.ActiveCfg = Debug|ARM
		{F824C5E7-9AC0-4CFE-8CB1-6D457988B6F8}.Debug|ARM.Build.0 = Debug|ARM
		{F824C5E7-9AC0-4CFE-8CB1-6D457988B6F8}.Debug|ARM.Deploy.0 = Debug|ARM
		{F824C5E7-9AC0-4CFE-8CB1-6D457988B6F8}.Debug|iPhone.ActiveCfg = Debug|x86
		{F824C5E7-9AC0-4CFE-8CB1-6D457988B6F8}.Debug|iPhoneSimulator.ActiveCfg = Debug|x86
		{F824C5E7-9AC0-4CFE-8CB1-6D457988B6F8}.Debug|x64.ActiveCfg = Debug|x64
		{F824C5E7-9AC0-4CFE-8CB1-6D457988B6F8}.Debug|x64.Build.0 = Debug|x64
		{F824C5E7-9AC0-4CFE-8CB1-6D457988B6F8}.Debug|x64.Deploy.0 = Debug|x64
		{F824C5E7-9AC0-4CFE-8CB1-6D457988B6F8}.Debug|x86.ActiveCfg = Debug|x86
		{F824C5E7-9AC0-4CFE-8CB1-6D457988B6F8}.Debug|x86.Build.0 = Debug|x86
		{F824C5E7-9AC0-4CFE-8CB1-6D457988B6F8}.Debug|x86.Deploy.0 = Debug|x86
		{F824C5E7-9AC0-4CFE-8CB1-6D457988B6F8}.Release|Any CPU.ActiveCfg = Release|x86
		{F824C5E7-9AC0-4CFE-8CB1-6D457988B6F8}.Release|ARM.ActiveCfg = Release|ARM
		{F824C5E7-9AC0-4CFE-8CB1-6D457988B6F8}.Release|ARM.Build.0 = Release|ARM
		{F824C5E7-9AC0-4CFE-8CB1-6D457988B6F8}.Release|ARM.Deploy.0 = Release|ARM
		{F824C5E7-9AC0-4CFE-8CB1-6D457988B6F8}.Release|iPhone.ActiveCfg = Release|x86
		{F824C5E7-9AC0-4CFE-8CB1-6D457988B6F8}.Release|iPhoneSimulator.ActiveCfg = Release|x86
		{F824C5E7-9AC0-4CFE-8CB1-6D457988B6F8}.Release|x64.ActiveCfg = Release|x64
		{F824C5E7-9AC0-4CFE-8CB1-6D457988B6F8}.Release|x64.Build.0 = Release|x64
		{F824C5E7-9AC0-4CFE-8CB1-6D457988B6F8}.Release|x64.Deploy.0 = Release|x64
		{F824C5E7-9AC0-4CFE-8CB1-6D457988B6F8}.Release|x86.ActiveCfg = Release|x86
		{F824C5E7-9AC0-4CFE-8CB1-6D457988B6F8}.Release|x86.Build.0 = Release|x86
		{F824C5E7-9AC0-4CFE-8CB1-6D457988B6F8}.Release|x86.Deploy.0 = Release|x86
	EndGlobalSection
	GlobalSection(SolutionProperties) = preSolution
		HideSolutionNode = FALSE
	EndGlobalSection
	GlobalSection(ExtensibilityGlobals) = postSolution
		SolutionGuid = {E0862137-C65B-43B3-9519-3752EAC87EEB}
	EndGlobalSection
EndGlobal
